
Microsoft Visual Studio Solution File, Format Version 12.00
# Visual Studio Version 16
VisualStudioVersion = 16.0.29519.87
MinimumVisualStudioVersion = 10.0.40219.1
Project("{2150E333-8FDC-42A3-9474-1A3956D46DE8}") = "src", "src", "{6375473A-FD1C-4EE2-9CC5-D811B0EA30C9}"
EndProject
Project("{FAE04EC0-301F-11D3-BF4B-00C04F79EFBC}") = "Agenda.Domain", "src\Agenda.Domain\Agenda.Domain.csproj", "{F58FA0CF-98DD-4D55-A3ED-FC9B4B021B47}"
EndProject
Project("{FAE04EC0-301F-11D3-BF4B-00C04F79EFBC}") = "Agenda.Data", "Agenda.Data\Agenda.Data.csproj", "{ECFA24CA-1C4B-4C30-B39E-6B8EA4DE2EE9}"
EndProject
Global
	GlobalSection(SolutionConfigurationPlatforms) = preSolution
		Debug|Any CPU = Debug|Any CPU
		Release|Any CPU = Release|Any CPU
	EndGlobalSection
	GlobalSection(ProjectConfigurationPlatforms) = postSolution
		{F58FA0CF-98DD-4D55-A3ED-FC9B4B021B47}.Debug|Any CPU.ActiveCfg = Debug|Any CPU
		{F58FA0CF-98DD-4D55-A3ED-FC9B4B021B47}.Debug|Any CPU.Build.0 = Debug|Any CPU
		{F58FA0CF-98DD-4D55-A3ED-FC9B4B021B47}.Release|Any CPU.ActiveCfg = Release|Any CPU
		{F58FA0CF-98DD-4D55-A3ED-FC9B4B021B47}.Release|Any CPU.Build.0 = Release|Any CPU
		{ECFA24CA-1C4B-4C30-B39E-6B8EA4DE2EE9}.Debug|Any CPU.ActiveCfg = Debug|Any CPU
		{ECFA24CA-1C4B-4C30-B39E-6B8EA4DE2EE9}.Debug|Any CPU.Build.0 = Debug|Any CPU
		{ECFA24CA-1C4B-4C30-B39E-6B8EA4DE2EE9}.Release|Any CPU.ActiveCfg = Release|Any CPU
		{ECFA24CA-1C4B-4C30-B39E-6B8EA4DE2EE9}.Release|Any CPU.Build.0 = Release|Any CPU
	EndGlobalSection
	GlobalSection(SolutionProperties) = preSolution
		HideSolutionNode = FALSE
	EndGlobalSection
	GlobalSection(NestedProjects) = preSolution
		{F58FA0CF-98DD-4D55-A3ED-FC9B4B021B47} = {6375473A-FD1C-4EE2-9CC5-D811B0EA30C9}
		{ECFA24CA-1C4B-4C30-B39E-6B8EA4DE2EE9} = {6375473A-FD1C-4EE2-9CC5-D811B0EA30C9}
	EndGlobalSection
	GlobalSection(ExtensibilityGlobals) = postSolution
		SolutionGuid = {C32709E5-2B55-4856-8CCB-2CEC5B82C5BF}
	EndGlobalSection
EndGlobal
